
Microsoft Visual Studio Solution File, Format Version 12.00
# Visual Studio Version 17
VisualStudioVersion = 17.14.36414.22
MinimumVisualStudioVersion = 10.0.40219.1
Project("{FAE04EC0-301F-11D3-BF4B-00C04F79EFBC}") = "WFTradeHelper", "WFTradeHelper\WFTradeHelper.csproj", "{0CE3C43A-13D9-4BFF-BB4D-968CDFEF9FA4}"
EndProject
Project("{FAE04EC0-301F-11D3-BF4B-00C04F79EFBC}") = "WFTradeHelper.Core", "WFTradeHelper.Core\WFTradeHelper.Core.csproj", "{D6B943AB-41C8-4350-9E97-FEC314BAE65C}"
EndProject
Project("{FAE04EC0-301F-11D3-BF4B-00C04F79EFBC}") = "WFTradeHelper.Gui", "WFTradeHelper.Gui\WFTradeHelper.Gui.csproj", "{D00E5CAB-D60C-427D-A2EB-3A104D62CEA7}"
EndProject
Global
	GlobalSection(SolutionConfigurationPlatforms) = preSolution
		Debug|Any CPU = Debug|Any CPU
		Release|Any CPU = Release|Any CPU
	EndGlobalSection
	GlobalSection(ProjectConfigurationPlatforms) = postSolution
		{0CE3C43A-13D9-4BFF-BB4D-968CDFEF9FA4}.Debug|Any CPU.ActiveCfg = Debug|Any CPU
		{0CE3C43A-13D9-4BFF-BB4D-968CDFEF9FA4}.Debug|Any CPU.Build.0 = Debug|Any CPU
		{0CE3C43A-13D9-4BFF-BB4D-968CDFEF9FA4}.Release|Any CPU.ActiveCfg = Release|Any CPU
		{0CE3C43A-13D9-4BFF-BB4D-968CDFEF9FA4}.Release|Any CPU.Build.0 = Release|Any CPU
		{D6B943AB-41C8-4350-9E97-FEC314BAE65C}.Debug|Any CPU.ActiveCfg = Debug|Any CPU
		{D6B943AB-41C8-4350-9E97-FEC314BAE65C}.Debug|Any CPU.Build.0 = Debug|Any CPU
		{D6B943AB-41C8-4350-9E97-FEC314BAE65C}.Release|Any CPU.ActiveCfg = Release|Any CPU
		{D6B943AB-41C8-4350-9E97-FEC314BAE65C}.Release|Any CPU.Build.0 = Release|Any CPU
		{D00E5CAB-D60C-427D-A2EB-3A104D62CEA7}.Debug|Any CPU.ActiveCfg = Debug|Any CPU
		{D00E5CAB-D60C-427D-A2EB-3A104D62CEA7}.Debug|Any CPU.Build.0 = Debug|Any CPU
		{D00E5CAB-D60C-427D-A2EB-3A104D62CEA7}.Release|Any CPU.ActiveCfg = Release|Any CPU
		{D00E5CAB-D60C-427D-A2EB-3A104D62CEA7}.Release|Any CPU.Build.0 = Release|Any CPU
	EndGlobalSection
	GlobalSection(SolutionProperties) = preSolution
		HideSolutionNode = FALSE
	EndGlobalSection
	GlobalSection(ExtensibilityGlobals) = postSolution
		SolutionGuid = {5F62AA24-09EA-402C-817F-5F4518BA996F}
	EndGlobalSection
EndGlobal
